{
  "name": "retrieve",
  "version": "1.0.0",
  "lockfileVersion": 1,
  "requires": true,
  "dependencies": {
    "fp-ts": {
      "version": "2.11.4",
      "resolved": "https://registry.npmjs.org/fp-ts/-/fp-ts-2.11.4.tgz",
      "integrity": "sha512-lhV7tGEbs2qoVw4vmqOovChS7CAoIYU0gdiPEF8Vc4bLZct+PAMMeXrCqRyBNEo33XOvwvAmFDEDIrHPWH2/fg=="
    },
    "fp-ts-std": {
      "version": "0.11.0",
      "resolved": "https://registry.npmjs.org/fp-ts-std/-/fp-ts-std-0.11.0.tgz",
      "integrity": "sha512-9MjsA/cKjH/qxz+OYO4Wij0h5Hfr/PfnFaV4m3G+FAg8SlTbFNiCTX6eC1gHQO0Ilgyp9xkh7H4GufUMhYVq4A=="
    }
  }
}
